{
  "requires": true,
  "lockfileVersion": 1,
  "dependencies": {
    "@stripe/stripe-js": {
      "version": "1.15.1",
      "resolved": "https://registry.npmjs.org/@stripe/stripe-js/-/stripe-js-1.15.1.tgz",
      "integrity": "sha512-yJiDGutlwu25iajCy51VRJeoH3UMs+s5qVIDGfmPUuFpZ+F6AJ9g9EFrsBNvHxAGBahQFMLlBdzlCVydhGp6tg=="
    }
  }
}
